%{
  "axon": {:hex, :axon, "0.5.1", "1ae3a2193df45e51fca912158320b2ca87cb7fba4df242bd3ebe245504d0ea1a", [:mix], [{:kino, "~> 0.7", [hex: :kino, repo: "hexpm", optional: true]}, {:kino_vega_lite, "~> 0.1.7", [hex: :kino_vega_lite, repo: "hexpm", optional: true]}, {:nx, "~> 0.5.0", [hex: :nx, repo: "hexpm", optional: false]}, {:table_rex, "~> 3.1.1", [hex: :table_rex, repo: "hexpm", optional: true]}], "hexpm", "d36f2a11c34c6c2b458f54df5c71ffdb7ed91c6a9ccd908faba909c84cc6a38e"},
  "bumblebee": {:git, "https://github.com/elixir-nx/bumblebee.git", "fd9a8b1d149cdcebd5170e103b49e9f6f64ee482", []},
  "castore": {:hex, :castore, "0.1.22", "4127549e411bedd012ca3a308dede574f43819fe9394254ca55ab4895abfa1a2", [:mix], [], "hexpm", "c17576df47eb5aa1ee40cc4134316a99f5cad3e215d5c77b8dd3cfef12a22cac"},
  "certifi": {:hex, :certifi, "2.12.0", "2d1cca2ec95f59643862af91f001478c9863c2ac9cb6e2f89780bfd8de987329", [:rebar3], [], "hexpm", "ee68d85df22e554040cdb4be100f33873ac6051387baf6a8f6ce82272340ff1c"},
  "complex": {:hex, :complex, "0.5.0", "af2d2331ff6170b61bb738695e481b27a66780e18763e066ee2cd863d0b1dd92", [:mix], [], "hexpm", "2683bd3c184466cfb94fad74cbfddfaa94b860e27ad4ca1bffe3bff169d91ef1"},
  "con_cache": {:hex, :con_cache, "1.1.0", "45c7c6cd6dc216e47636232e8c683734b7fe293221fccd9454fa1757bc685044", [:mix], [{:telemetry, "~> 1.0", [hex: :telemetry, repo: "hexpm", optional: false]}], "hexpm", "8655f2ae13a1e56c8aef304d250814c7ed929c12810f126fc423ecc8e871593b"},
  "connection": {:hex, :connection, "1.1.0", "ff2a49c4b75b6fb3e674bfc5536451607270aac754ffd1bdfe175abe4a6d7a68", [:mix], [], "hexpm", "722c1eb0a418fbe91ba7bd59a47e28008a189d47e37e0e7bb85585a016b2869c"},
  "cowboy": {:hex, :cowboy, "2.12.0", "f276d521a1ff88b2b9b4c54d0e753da6c66dd7be6c9fca3d9418b561828a3731", [:make, :rebar3], [{:cowlib, "2.13.0", [hex: :cowlib, repo: "hexpm", optional: false]}, {:ranch, "1.8.0", [hex: :ranch, repo: "hexpm", optional: false]}], "hexpm", "8a7abe6d183372ceb21caa2709bec928ab2b72e18a3911aa1771639bef82651e"},
  "cowboy_telemetry": {:hex, :cowboy_telemetry, "0.4.0", "f239f68b588efa7707abce16a84d0d2acf3a0f50571f8bb7f56a15865aae820c", [:rebar3], [{:cowboy, "~> 2.7", [hex: :cowboy, repo: "hexpm", optional: false]}, {:telemetry, "~> 1.0", [hex: :telemetry, repo: "hexpm", optional: false]}], "hexpm", "7d98bac1ee4565d31b62d59f8823dfd8356a169e7fcbb83831b8a5397404c9de"},
  "cowlib": {:hex, :cowlib, "2.13.0", "db8f7505d8332d98ef50a3ef34b34c1afddec7506e4ee4dd4a3a266285d282ca", [:make, :rebar3], [], "hexpm", "e1e1284dc3fc030a64b1ad0d8382ae7e99da46c3246b815318a4b848873800a4"},
  "db_connection": {:hex, :db_connection, "2.6.0", "77d835c472b5b67fc4f29556dee74bf511bbafecdcaf98c27d27fa5918152086", [:mix], [{:telemetry, "~> 0.4 or ~> 1.0", [hex: :telemetry, repo: "hexpm", optional: false]}], "hexpm", "c2f992d15725e721ec7fbc1189d4ecdb8afef76648c746a8e1cad35e3b8a35f3"},
  "decimal": {:hex, :decimal, "2.1.1", "5611dca5d4b2c3dd497dec8f68751f1f1a54755e8ed2a966c2633cf885973ad6", [:mix], [], "hexpm", "53cfe5f497ed0e7771ae1a475575603d77425099ba5faef9394932b35020ffcc"},
  "dns_cluster": {:hex, :dns_cluster, "0.1.3", "0bc20a2c88ed6cc494f2964075c359f8c2d00e1bf25518a6a6c7fd277c9b0c66", [:mix], [], "hexpm", "46cb7c4a1b3e52c7ad4cbe33ca5079fbde4840dedeafca2baf77996c2da1bc33"},
  "ecto": {:hex, :ecto, "3.11.2", "e1d26be989db350a633667c5cda9c3d115ae779b66da567c68c80cfb26a8c9ee", [:mix], [{:decimal, "~> 2.0", [hex: :decimal, repo: "hexpm", optional: false]}, {:jason, "~> 1.0", [hex: :jason, repo: "hexpm", optional: true]}, {:telemetry, "~> 0.4 or ~> 1.0", [hex: :telemetry, repo: "hexpm", optional: false]}], "hexpm", "3c38bca2c6f8d8023f2145326cc8a80100c3ffe4dcbd9842ff867f7fc6156c65"},
  "ecto_network": {:hex, :ecto_network, "1.3.0", "1e77fa37c20e0f6a426d3862732f3317b0fa4c18f123d325f81752a491d7304e", [:mix], [{:ecto_sql, ">= 3.0.0", [hex: :ecto_sql, repo: "hexpm", optional: false]}, {:phoenix_html, ">= 0.0.0", [hex: :phoenix_html, repo: "hexpm", optional: true]}, {:postgrex, ">= 0.14.0", [hex: :postgrex, repo: "hexpm", optional: false]}], "hexpm", "053a5e46ef2837e8ea5ea97c82fa0f5494699209eddd764e663c85f11b2865bd"},
  "ecto_sql": {:hex, :ecto_sql, "3.11.1", "e9abf28ae27ef3916b43545f9578b4750956ccea444853606472089e7d169470", [:mix], [{:db_connection, "~> 2.4.1 or ~> 2.5", [hex: :db_connection, repo: "hexpm", optional: false]}, {:ecto, "~> 3.11.0", [hex: :ecto, repo: "hexpm", optional: false]}, {:myxql, "~> 0.6.0", [hex: :myxql, repo: "hexpm", optional: true]}, {:postgrex, "~> 0.16.0 or ~> 0.17.0 or ~> 1.0", [hex: :postgrex, repo: "hexpm", optional: true]}, {:tds, "~> 2.1.1 or ~> 2.2", [hex: :tds, repo: "hexpm", optional: true]}, {:telemetry, "~> 0.4.0 or ~> 1.0", [hex: :telemetry, repo: "hexpm", optional: false]}], "hexpm", "ce14063ab3514424276e7e360108ad6c2308f6d88164a076aac8a387e1fea634"},
  "elixir_make": {:hex, :elixir_make, "0.7.5", "784cc00f5fa24239067cc04d449437dcc5f59353c44eb08f188b2b146568738a", [:mix], [{:castore, "~> 0.1", [hex: :castore, repo: "hexpm", optional: true]}], "hexpm", "c3d63e8d5c92fa3880d89ecd41de59473fa2e83eeb68148155e25e8b95aa2887"},
  "erlexec": {:hex, :erlexec, "2.0.2", "995e40477de94c37ec1264cc3e52eb6273938e80c9bcc4f94110a3f1c0d9aba3", [:rebar3], [], "hexpm", "cc829a7c6c23d399832da2e998ea5ebc552232a6fe3eb1edb400178ec8287dcb"},
  "esbuild": {:hex, :esbuild, "0.5.0", "d5bb08ff049d7880ee3609ed5c4b864bd2f46445ea40b16b4acead724fb4c4a3", [:mix], [{:castore, ">= 0.0.0", [hex: :castore, repo: "hexpm", optional: false]}], "hexpm", "f183a0b332d963c4cfaf585477695ea59eef9a6f2204fdd0efa00e099694ffe5"},
  "ex_aws": {:hex, :ex_aws, "2.5.0", "1785e69350b16514c1049330537c7da10039b1a53e1d253bbd703b135174aec3", [:mix], [{:configparser_ex, "~> 4.0", [hex: :configparser_ex, repo: "hexpm", optional: true]}, {:hackney, "~> 1.16", [hex: :hackney, repo: "hexpm", optional: true]}, {:jason, "~> 1.1", [hex: :jason, repo: "hexpm", optional: true]}, {:jsx, "~> 2.8 or ~> 3.0", [hex: :jsx, repo: "hexpm", optional: true]}, {:mime, "~> 1.2 or ~> 2.0", [hex: :mime, repo: "hexpm", optional: false]}, {:sweet_xml, "~> 0.7", [hex: :sweet_xml, repo: "hexpm", optional: true]}, {:telemetry, "~> 0.4.3 or ~> 1.0", [hex: :telemetry, repo: "hexpm", optional: false]}], "hexpm", "971b86e5495fc0ae1c318e35e23f389e74cf322f2c02d34037c6fc6d405006f1"},
  "ex_aws_s3": {:hex, :ex_aws_s3, "2.5.2", "cee302b8e9ee198cc0d89f1de2a7d6a8921e1a556574476cf5590d2156590fe3", [:mix], [{:ex_aws, "~> 2.0", [hex: :ex_aws, repo: "hexpm", optional: false]}, {:sweet_xml, ">= 0.0.0", [hex: :sweet_xml, repo: "hexpm", optional: true]}], "hexpm", "cc5bd945a22a99eece4721d734ae2452d3717e81c357a781c8574663254df4a1"},
  "exla": {:hex, :exla, "0.5.1", "8832aa299fe06ed9b772e004760b7c97e9d8dcbe40e9a4bfcbbe10b320b9c342", [:make, :mix], [{:elixir_make, "~> 0.6", [hex: :elixir_make, repo: "hexpm", optional: false]}, {:nx, "~> 0.5.1", [hex: :nx, repo: "hexpm", optional: false]}, {:telemetry, "~> 0.4.0 or ~> 1.0", [hex: :telemetry, repo: "hexpm", optional: false]}, {:xla, "~> 0.4.4", [hex: :xla, repo: "hexpm", optional: false]}], "hexpm", "48a990dbaf02bf5f288aa1360b5237c2f55db8bf52d4f63072f2b6a15d4e8375"},
  "file_system": {:hex, :file_system, "0.2.10", "fb082005a9cd1711c05b5248710f8826b02d7d1784e7c3451f9c1231d4fc162d", [:mix], [], "hexpm", "41195edbfb562a593726eda3b3e8b103a309b733ad25f3d642ba49696bf715dc"},
  "finch": {:hex, :finch, "0.18.0", "944ac7d34d0bd2ac8998f79f7a811b21d87d911e77a786bc5810adb75632ada4", [:mix], [{:castore, "~> 0.1 or ~> 1.0", [hex: :castore, repo: "hexpm", optional: false]}, {:mime, "~> 1.0 or ~> 2.0", [hex: :mime, repo: "hexpm", optional: false]}, {:mint, "~> 1.3", [hex: :mint, repo: "hexpm", optional: false]}, {:nimble_options, "~> 0.4 or ~> 1.0", [hex: :nimble_options, repo: "hexpm", optional: false]}, {:nimble_pool, "~> 0.2.6 or ~> 1.0", [hex: :nimble_pool, repo: "hexpm", optional: false]}, {:telemetry, "~> 0.4 or ~> 1.0", [hex: :telemetry, repo: "hexpm", optional: false]}], "hexpm", "69f5045b042e531e53edc2574f15e25e735b522c37e2ddb766e15b979e03aa65"},
  "flame": {:hex, :flame, "0.1.12", "4d46b706d35d6eb22505d0e060fe41174052eaa38f778a4762fc74dd2c9df301", [:mix], [{:req, "~> 0.4.13", [hex: :req, repo: "hexpm", optional: false]}], "hexpm", "aa25de6614455ac01e33409c08db4560fa54dd837ad116aae16c8f7c011ccd76"},
  "floki": {:hex, :floki, "0.36.2", "a7da0193538c93f937714a6704369711998a51a6164a222d710ebd54020aa7a3", [:mix], [], "hexpm", "a8766c0bc92f074e5cb36c4f9961982eda84c5d2b8e979ca67f5c268ec8ed580"},
  "gettext": {:hex, :gettext, "0.20.0", "75ad71de05f2ef56991dbae224d35c68b098dd0e26918def5bb45591d5c8d429", [:mix], [], "hexpm", "1c03b177435e93a47441d7f681a7040bd2a816ece9e2666d1c9001035121eb3d"},
  "hackney": {:hex, :hackney, "1.20.1", "8d97aec62ddddd757d128bfd1df6c5861093419f8f7a4223823537bad5d064e2", [:rebar3], [{:certifi, "~> 2.12.0", [hex: :certifi, repo: "hexpm", optional: false]}, {:idna, "~> 6.1.0", [hex: :idna, repo: "hexpm", optional: false]}, {:metrics, "~> 1.0.0", [hex: :metrics, repo: "hexpm", optional: false]}, {:mimerl, "~> 1.1", [hex: :mimerl, repo: "hexpm", optional: false]}, {:parse_trans, "3.4.1", [hex: :parse_trans, repo: "hexpm", optional: false]}, {:ssl_verify_fun, "~> 1.1.0", [hex: :ssl_verify_fun, repo: "hexpm", optional: false]}, {:unicode_util_compat, "~> 0.7.0", [hex: :unicode_util_compat, repo: "hexpm", optional: false]}], "hexpm", "fe9094e5f1a2a2c0a7d10918fee36bfec0ec2a979994cff8cfe8058cd9af38e3"},
  "heroicons": {:hex, :heroicons, "0.2.4", "12824795f25340415bffa9a501b96c89dc856ed732e82acccdab635fee92411b", [:mix], [{:phoenix_html, "~> 2.14 or ~> 3.0", [hex: :phoenix_html, repo: "hexpm", optional: false]}], "hexpm", "7d6c51dc8ecaadb37943247da83ec2fbf3f6b479a23f4cf0195bd61ec2268128"},
  "hpax": {:hex, :hpax, "0.1.2", "09a75600d9d8bbd064cdd741f21fc06fc1f4cf3d0fcc335e5aa19be1a7235c84", [:mix], [], "hexpm", "2c87843d5a23f5f16748ebe77969880e29809580efdaccd615cd3bed628a8c13"},
  "idna": {:hex, :idna, "6.1.1", "8a63070e9f7d0c62eb9d9fcb360a7de382448200fbbd1b106cc96d3d8099df8d", [:rebar3], [{:unicode_util_compat, "~> 0.7.0", [hex: :unicode_util_compat, repo: "hexpm", optional: false]}], "hexpm", "92376eb7894412ed19ac475e4a86f7b413c1b9fbb5bd16dccd57934157944cea"},
  "jason": {:hex, :jason, "1.4.1", "af1504e35f629ddcdd6addb3513c3853991f694921b1b9368b0bd32beb9f1b63", [:mix], [{:decimal, "~> 1.0 or ~> 2.0", [hex: :decimal, repo: "hexpm", optional: true]}], "hexpm", "fbb01ecdfd565b56261302f7e1fcc27c4fb8f32d56eab74db621fc154604a7a1"},
  "libcluster": {:hex, :libcluster, "3.3.1", "e7a4875cd1290cee7a693d6bd46076863e9e433708b01339783de6eff5b7f0aa", [:mix], [{:jason, "~> 1.1", [hex: :jason, repo: "hexpm", optional: false]}], "hexpm", "b575ca63c1cd84e01f3fa0fc45e6eb945c1ee7ae8d441d33def999075e9e5398"},
  "metrics": {:hex, :metrics, "1.0.1", "25f094dea2cda98213cecc3aeff09e940299d950904393b2a29d191c346a8486", [:rebar3], [], "hexpm", "69b09adddc4f74a40716ae54d140f93beb0fb8978d8636eaded0c31b6f099f16"},
  "mime": {:hex, :mime, "2.0.5", "dc34c8efd439abe6ae0343edbb8556f4d63f178594894720607772a041b04b02", [:mix], [], "hexpm", "da0d64a365c45bc9935cc5c8a7fc5e49a0e0f9932a761c55d6c52b142780a05c"},
  "mimerl": {:hex, :mimerl, "1.2.0", "67e2d3f571088d5cfd3e550c383094b47159f3eee8ffa08e64106cdf5e981be3", [:rebar3], [], "hexpm", "f278585650aa581986264638ebf698f8bb19df297f66ad91b18910dfc6e19323"},
  "mint": {:hex, :mint, "1.5.2", "4805e059f96028948870d23d7783613b7e6b0e2fb4e98d720383852a760067fd", [:mix], [{:castore, "~> 0.1.0 or ~> 1.0", [hex: :castore, repo: "hexpm", optional: true]}, {:hpax, "~> 0.1.1", [hex: :hpax, repo: "hexpm", optional: false]}], "hexpm", "d77d9e9ce4eb35941907f1d3df38d8f750c357865353e21d335bdcdf6d892a02"},
  "nimble_options": {:hex, :nimble_options, "1.1.0", "3b31a57ede9cb1502071fade751ab0c7b8dbe75a9a4c2b5bbb0943a690b63172", [:mix], [], "hexpm", "8bbbb3941af3ca9acc7835f5655ea062111c9c27bcac53e004460dfd19008a99"},
  "nimble_ownership": {:hex, :nimble_ownership, "0.3.1", "99d5244672fafdfac89bfad3d3ab8f0d367603ce1dc4855f86a1c75008bce56f", [:mix], [], "hexpm", "4bf510adedff0449a1d6e200e43e57a814794c8b5b6439071274d248d272a549"},
  "nimble_pool": {:hex, :nimble_pool, "1.1.0", "bf9c29fbdcba3564a8b800d1eeb5a3c58f36e1e11d7b7fb2e084a643f645f06b", [:mix], [], "hexpm", "af2e4e6b34197db81f7aad230c1118eac993acc0dae6bc83bac0126d4ae0813a"},
  "nx": {:hex, :nx, "0.5.1", "118134b8c97c2a8f86c87aa8434994c1cbbe139a306b89cca04e08dd46228067", [:mix], [{:complex, "~> 0.5", [hex: :complex, repo: "hexpm", optional: false]}, {:telemetry, "~> 0.4.0 or ~> 1.0", [hex: :telemetry, repo: "hexpm", optional: false]}], "hexpm", "ceb8fbbe19b3c4252a7188d8b0e059fac9da0f4a4f3bb770fc665fdd0b29f0c5"},
  "nx_image": {:hex, :nx_image, "0.1.0", "ae10fa41fa95126f934d6160ef4320f7db583535fb868415f2562fe19969d245", [:mix], [{:nx, "~> 0.4", [hex: :nx, repo: "hexpm", optional: false]}], "hexpm", "60a2928164cdca540b4c180ff25579b97a5f2a650fc890d40db3e1a7798c93ad"},
  "nx_signal": {:hex, :nx_signal, "0.1.0", "403ac73140e2f368e827e0aca1a3035abaf6d890b00376742b359a6838e00d7f", [:mix], [{:nx, "~> 0.5", [hex: :nx, repo: "hexpm", optional: false]}], "hexpm", "1c68f2f0d186700819287f37ee6154a11e06bf5dbb30b73fcc92776293309a05"},
  "parse_trans": {:hex, :parse_trans, "3.4.1", "6e6aa8167cb44cc8f39441d05193be6e6f4e7c2946cb2759f015f8c56b76e5ff", [:rebar3], [], "hexpm", "620a406ce75dada827b82e453c19cf06776be266f5a67cff34e1ef2cbb60e49a"},
  "phoenix": {:hex, :phoenix, "1.7.12", "1cc589e0eab99f593a8aa38ec45f15d25297dd6187ee801c8de8947090b5a9d3", [:mix], [{:castore, ">= 0.0.0", [hex: :castore, repo: "hexpm", optional: false]}, {:jason, "~> 1.0", [hex: :jason, repo: "hexpm", optional: true]}, {:phoenix_pubsub, "~> 2.1", [hex: :phoenix_pubsub, repo: "hexpm", optional: false]}, {:phoenix_template, "~> 1.0", [hex: :phoenix_template, repo: "hexpm", optional: false]}, {:phoenix_view, "~> 2.0", [hex: :phoenix_view, repo: "hexpm", optional: true]}, {:plug, "~> 1.14", [hex: :plug, repo: "hexpm", optional: false]}, {:plug_cowboy, "~> 2.7", [hex: :plug_cowboy, repo: "hexpm", optional: true]}, {:plug_crypto, "~> 1.2 or ~> 2.0", [hex: :plug_crypto, repo: "hexpm", optional: false]}, {:telemetry, "~> 0.4 or ~> 1.0", [hex: :telemetry, repo: "hexpm", optional: false]}, {:websock_adapter, "~> 0.5.3", [hex: :websock_adapter, repo: "hexpm", optional: false]}], "hexpm", "d646192fbade9f485b01bc9920c139bfdd19d0f8df3d73fd8eaf2dfbe0d2837c"},
  "phoenix_ecto": {:hex, :phoenix_ecto, "4.4.0", "0672ed4e4808b3fbed494dded89958e22fb882de47a97634c0b13e7b0b5f7720", [:mix], [{:ecto, "~> 3.3", [hex: :ecto, repo: "hexpm", optional: false]}, {:phoenix_html, "~> 2.14.2 or ~> 3.0", [hex: :phoenix_html, repo: "hexpm", optional: true]}, {:plug, "~> 1.9", [hex: :plug, repo: "hexpm", optional: false]}], "hexpm", "09864e558ed31ee00bd48fcc1d4fc58ae9678c9e81649075431e69dbabb43cc1"},
  "phoenix_html": {:hex, :phoenix_html, "3.3.4", "42a09fc443bbc1da37e372a5c8e6755d046f22b9b11343bf885067357da21cb3", [:mix], [{:plug, "~> 1.5", [hex: :plug, repo: "hexpm", optional: true]}], "hexpm", "0249d3abec3714aff3415e7ee3d9786cb325be3151e6c4b3021502c585bf53fb"},
  "phoenix_live_dashboard": {:hex, :phoenix_live_dashboard, "0.8.3", "7ff51c9b6609470f681fbea20578dede0e548302b0c8bdf338b5a753a4f045bf", [:mix], [{:ecto, "~> 3.6.2 or ~> 3.7", [hex: :ecto, repo: "hexpm", optional: true]}, {:ecto_mysql_extras, "~> 0.5", [hex: :ecto_mysql_extras, repo: "hexpm", optional: true]}, {:ecto_psql_extras, "~> 0.7", [hex: :ecto_psql_extras, repo: "hexpm", optional: true]}, {:ecto_sqlite3_extras, "~> 1.1.7 or ~> 1.2.0", [hex: :ecto_sqlite3_extras, repo: "hexpm", optional: true]}, {:mime, "~> 1.6 or ~> 2.0", [hex: :mime, repo: "hexpm", optional: false]}, {:phoenix_live_view, "~> 0.19 or ~> 1.0", [hex: :phoenix_live_view, repo: "hexpm", optional: false]}, {:telemetry_metrics, "~> 0.6 or ~> 1.0", [hex: :telemetry_metrics, repo: "hexpm", optional: false]}], "hexpm", "f9470a0a8bae4f56430a23d42f977b5a6205fdba6559d76f932b876bfaec652d"},
  "phoenix_live_reload": {:hex, :phoenix_live_reload, "1.4.0", "4fe222c0be55fdc3f9c711e24955fc42a7cd9b7a2f5f406f2580a567c335a573", [:mix], [{:file_system, "~> 0.2.1 or ~> 0.3", [hex: :file_system, repo: "hexpm", optional: false]}, {:phoenix, "~> 1.4", [hex: :phoenix, repo: "hexpm", optional: false]}], "hexpm", "bebf0fc2d2113b61cb5968f585367234b7b4c21d963d691de7b4b2dc6cdaae6f"},
  "phoenix_live_view": {:git, "https://github.com/phoenixframework/phoenix_live_view.git", "02bc543fc2602a1de3f53dbfe2bbdfef443806ac", []},
  "phoenix_pubsub": {:hex, :phoenix_pubsub, "2.1.3", "3168d78ba41835aecad272d5e8cd51aa87a7ac9eb836eabc42f6e57538e3731d", [:mix], [], "hexpm", "bba06bc1dcfd8cb086759f0edc94a8ba2bc8896d5331a1e2c2902bf8e36ee502"},
  "phoenix_template": {:hex, :phoenix_template, "1.0.4", "e2092c132f3b5e5b2d49c96695342eb36d0ed514c5b252a77048d5969330d639", [:mix], [{:phoenix_html, "~> 2.14.2 or ~> 3.0 or ~> 4.0", [hex: :phoenix_html, repo: "hexpm", optional: true]}], "hexpm", "2c0c81f0e5c6753faf5cca2f229c9709919aba34fab866d3bc05060c9c444206"},
  "plug": {:hex, :plug, "1.16.0", "1d07d50cb9bb05097fdf187b31cf087c7297aafc3fed8299aac79c128a707e47", [:mix], [{:mime, "~> 1.0 or ~> 2.0", [hex: :mime, repo: "hexpm", optional: false]}, {:plug_crypto, "~> 1.1.1 or ~> 1.2 or ~> 2.0", [hex: :plug_crypto, repo: "hexpm", optional: false]}, {:telemetry, "~> 0.4.3 or ~> 1.0", [hex: :telemetry, repo: "hexpm", optional: false]}], "hexpm", "cbf53aa1f5c4d758a7559c0bd6d59e286c2be0c6a1fac8cc3eee2f638243b93e"},
  "plug_cowboy": {:hex, :plug_cowboy, "2.7.1", "87677ffe3b765bc96a89be7960f81703223fe2e21efa42c125fcd0127dd9d6b2", [:mix], [{:cowboy, "~> 2.7", [hex: :cowboy, repo: "hexpm", optional: false]}, {:cowboy_telemetry, "~> 0.3", [hex: :cowboy_telemetry, repo: "hexpm", optional: false]}, {:plug, "~> 1.14", [hex: :plug, repo: "hexpm", optional: false]}], "hexpm", "02dbd5f9ab571b864ae39418db7811618506256f6d13b4a45037e5fe78dc5de3"},
  "plug_crypto": {:hex, :plug_crypto, "2.1.0", "f44309c2b06d249c27c8d3f65cfe08158ade08418cf540fd4f72d4d6863abb7b", [:mix], [], "hexpm", "131216a4b030b8f8ce0f26038bc4421ae60e4bb95c5cf5395e1421437824c4fa"},
  "postgrex": {:hex, :postgrex, "0.17.5", "0483d054938a8dc069b21bdd636bf56c487404c241ce6c319c1f43588246b281", [:mix], [{:db_connection, "~> 2.1", [hex: :db_connection, repo: "hexpm", optional: false]}, {:decimal, "~> 1.5 or ~> 2.0", [hex: :decimal, repo: "hexpm", optional: false]}, {:jason, "~> 1.0", [hex: :jason, repo: "hexpm", optional: true]}, {:table, "~> 0.1.0", [hex: :table, repo: "hexpm", optional: true]}], "hexpm", "50b8b11afbb2c4095a3ba675b4f055c416d0f3d7de6633a595fc131a828a67eb"},
  "progress_bar": {:hex, :progress_bar, "2.0.1", "7b40200112ae533d5adceb80ff75fbe66dc753bca5f6c55c073bfc122d71896d", [:mix], [{:decimal, "~> 2.0", [hex: :decimal, repo: "hexpm", optional: false]}], "hexpm", "2519eb58a2f149a3a094e729378256d8cb6d96a259ec94841bd69fdc71f18f87"},
  "ranch": {:hex, :ranch, "1.8.0", "8c7a100a139fd57f17327b6413e4167ac559fbc04ca7448e9be9057311597a1d", [:make, :rebar3], [], "hexpm", "49fbcfd3682fab1f5d109351b61257676da1a2fdbe295904176d5e521a2ddfe5"},
  "req": {:hex, :req, "0.4.14", "103de133a076a31044e5458e0f850d5681eef23dfabf3ea34af63212e3b902e2", [:mix], [{:aws_signature, "~> 0.3.2", [hex: :aws_signature, repo: "hexpm", optional: true]}, {:brotli, "~> 0.3.1", [hex: :brotli, repo: "hexpm", optional: true]}, {:ezstd, "~> 1.0", [hex: :ezstd, repo: "hexpm", optional: true]}, {:finch, "~> 0.17", [hex: :finch, repo: "hexpm", optional: false]}, {:jason, "~> 1.0", [hex: :jason, repo: "hexpm", optional: false]}, {:mime, "~> 1.6 or ~> 2.0", [hex: :mime, repo: "hexpm", optional: false]}, {:nimble_csv, "~> 1.0", [hex: :nimble_csv, repo: "hexpm", optional: true]}, {:nimble_ownership, "~> 0.2.0 or ~> 0.3.0", [hex: :nimble_ownership, repo: "hexpm", optional: false]}, {:plug, "~> 1.0", [hex: :plug, repo: "hexpm", optional: true]}], "hexpm", "2ddd3d33f9ab714ced8d3c15fd03db40c14dbf129003c4a3eb80fac2cc0b1b08"},
  "rustler_precompiled": {:hex, :rustler_precompiled, "0.6.1", "160b545bce8bf9a3f1b436b2c10f53574036a0db628e40f393328cbbe593602f", [:mix], [{:castore, "~> 0.1 or ~> 1.0", [hex: :castore, repo: "hexpm", optional: false]}, {:rustler, "~> 0.23", [hex: :rustler, repo: "hexpm", optional: true]}], "hexpm", "0dd269fa261c4e3df290b12031c575fff07a542749f7b0e8b744d72d66c43600"},
  "ssl_verify_fun": {:hex, :ssl_verify_fun, "1.1.7", "354c321cf377240c7b8716899e182ce4890c5938111a1296add3ec74cf1715df", [:make, :mix, :rebar3], [], "hexpm", "fe4c190e8f37401d30167c8c405eda19469f34577987c76dde613e838bbc67f8"},
  "sweet_xml": {:hex, :sweet_xml, "0.7.4", "a8b7e1ce7ecd775c7e8a65d501bc2cd933bff3a9c41ab763f5105688ef485d08", [:mix], [], "hexpm", "e7c4b0bdbf460c928234951def54fe87edf1a170f6896675443279e2dbeba167"},
  "swoosh": {:hex, :swoosh, "1.8.2", "af9a22ab2c0d20b266f61acca737fa11a121902de9466a39e91bacdce012101c", [:mix], [{:cowboy, "~> 1.1 or ~> 2.4", [hex: :cowboy, repo: "hexpm", optional: true]}, {:ex_aws, "~> 2.1", [hex: :ex_aws, repo: "hexpm", optional: true]}, {:finch, "~> 0.6", [hex: :finch, repo: "hexpm", optional: true]}, {:gen_smtp, "~> 0.13 or ~> 1.0", [hex: :gen_smtp, repo: "hexpm", optional: true]}, {:hackney, "~> 1.9", [hex: :hackney, repo: "hexpm", optional: true]}, {:jason, "~> 1.0", [hex: :jason, repo: "hexpm", optional: false]}, {:mail, "~> 0.2", [hex: :mail, repo: "hexpm", optional: true]}, {:mime, "~> 1.1 or ~> 2.0", [hex: :mime, repo: "hexpm", optional: false]}, {:plug_cowboy, ">= 1.0.0", [hex: :plug_cowboy, repo: "hexpm", optional: true]}, {:telemetry, "~> 0.4.2 or ~> 1.0", [hex: :telemetry, repo: "hexpm", optional: false]}], "hexpm", "d058ba750eafadb6c09a84a352c14c5d1eeeda6e84945fcc95785b7f3067b7db"},
  "tailwind": {:hex, :tailwind, "0.2.0", "95f9e4a32020c5bec480f1d6a43a49ac8030b13183127b577605f506d6e13a66", [:mix], [{:castore, ">= 0.0.0", [hex: :castore, repo: "hexpm", optional: false]}], "hexpm", "385e939fcd7fe4654be5130b187e358aaabade385513f9d200ffecdbb9552a9e"},
  "telemetry": {:hex, :telemetry, "1.2.1", "68fdfe8d8f05a8428483a97d7aab2f268aaff24b49e0f599faa091f1d4e7f61c", [:rebar3], [], "hexpm", "dad9ce9d8effc621708f99eac538ef1cbe05d6a874dd741de2e689c47feafed5"},
  "telemetry_metrics": {:hex, :telemetry_metrics, "0.6.1", "315d9163a1d4660aedc3fee73f33f1d355dcc76c5c3ab3d59e76e3edf80eef1f", [:mix], [{:telemetry, "~> 0.4 or ~> 1.0", [hex: :telemetry, repo: "hexpm", optional: false]}], "hexpm", "7be9e0871c41732c233be71e4be11b96e56177bf15dde64a8ac9ce72ac9834c6"},
  "telemetry_poller": {:hex, :telemetry_poller, "1.0.0", "db91bb424e07f2bb6e73926fcafbfcbcb295f0193e0a00e825e589a0a47e8453", [:rebar3], [{:telemetry, "~> 1.0", [hex: :telemetry, repo: "hexpm", optional: false]}], "hexpm", "b3a24eafd66c3f42da30fc3ca7dda1e9d546c12250a2d60d7b81d264fbec4f6e"},
  "tokenizers": {:hex, :tokenizers, "0.3.0", "1aebe61c68cf36e3ea4423a357b196e226c18a8b3206afe59d257f038833deb4", [:mix], [{:castore, "~> 0.1 or ~> 1.0", [hex: :castore, repo: "hexpm", optional: false]}, {:rustler, ">= 0.0.0", [hex: :rustler, repo: "hexpm", optional: true]}, {:rustler_precompiled, "~> 0.6", [hex: :rustler_precompiled, repo: "hexpm", optional: false]}], "hexpm", "6c6de26911fd875fc1aead92ee40efb3e4271f54a312cc52f073012f2a134201"},
  "unicode_util_compat": {:hex, :unicode_util_compat, "0.7.0", "bc84380c9ab48177092f43ac89e4dfa2c6d62b40b8bd132b1059ecc7232f9a78", [:rebar3], [], "hexpm", "25eee6d67df61960cf6a794239566599b09e17e668d3700247bc498638152521"},
  "unpickler": {:hex, :unpickler, "0.1.0", "c2262c0819e6985b761e7107546cef96a485f401816be5304a65fdd200d5bd6a", [:mix], [], "hexpm", "e2b3f61e62406187ac52afead8a63bfb4e49394028993f3c4c42712743cab79e"},
  "unzip": {:hex, :unzip, "0.8.0", "ee21d87c21b01567317387dab4228ac570ca15b41cfc221a067354cbf8e68c4d", [:mix], [], "hexpm", "ffa67a483efcedcb5876971a50947222e104d5f8fea2c4a0441e6f7967854827"},
  "websock": {:hex, :websock, "0.5.3", "2f69a6ebe810328555b6fe5c831a851f485e303a7c8ce6c5f675abeb20ebdadc", [:mix], [], "hexpm", "6105453d7fac22c712ad66fab1d45abdf049868f253cf719b625151460b8b453"},
  "websock_adapter": {:hex, :websock_adapter, "0.5.6", "0437fe56e093fd4ac422de33bf8fc89f7bc1416a3f2d732d8b2c8fd54792fe60", [:mix], [{:bandit, ">= 0.6.0", [hex: :bandit, repo: "hexpm", optional: true]}, {:plug, "~> 1.14", [hex: :plug, repo: "hexpm", optional: false]}, {:plug_cowboy, "~> 2.6", [hex: :plug_cowboy, repo: "hexpm", optional: true]}, {:websock, "~> 0.5", [hex: :websock, repo: "hexpm", optional: false]}], "hexpm", "e04378d26b0af627817ae84c92083b7e97aca3121196679b73c73b99d0d133ea"},
  "xla": {:hex, :xla, "0.4.4", "c3a8ed1f579bda949df505e49ff65415c8281d991fbd6ae1d8f3c5d0fd155f54", [:make, :mix], [{:elixir_make, "~> 0.4", [hex: :elixir_make, repo: "hexpm", optional: false]}], "hexpm", "484f3f9011db3c9f1ff1e98eecefd382f3882a07ada540fd58803db1d2dab671"},
}
